// !$*UTF8*$!
{
	archiveVersion = 1;
	classes = {
	};
	objectVersion = 56;
	objects = {

/* Begin PBXBuildFile section */
		45A7B7732C13E1AC00DCDAC4 /* DepartureNSWApp.swift in Sources */ = {isa = PBXBuildFile; fileRef = 45A7B7722C13E1AC00DCDAC4 /* DepartureNSWApp.swift */; };
		45A7B7752C13E1AC00DCDAC4 /* ContentView.swift in Sources */ = {isa = PBXBuildFile; fileRef = 45A7B7742C13E1AC00DCDAC4 /* ContentView.swift */; };
		45A7B7772C13E1AD00DCDAC4 /* Assets.xcassets in Resources */ = {isa = PBXBuildFile; fileRef = 45A7B7762C13E1AD00DCDAC4 /* Assets.xcassets */; };
		45A7B77B2C13E1AD00DCDAC4 /* Preview Assets.xcassets in Resources */ = {isa = PBXBuildFile; fileRef = 45A7B77A2C13E1AD00DCDAC4 /* Preview Assets.xcassets */; };
		45A7B7852C13E1AD00DCDAC4 /* DepartureNSWTests.swift in Sources */ = {isa = PBXBuildFile; fileRef = 45A7B7842C13E1AD00DCDAC4 /* DepartureNSWTests.swift */; };
		45A7B78F2C13E1AD00DCDAC4 /* DepartureNSWUITests.swift in Sources */ = {isa = PBXBuildFile; fileRef = 45A7B78E2C13E1AD00DCDAC4 /* DepartureNSWUITests.swift */; };
		45A7B7912C13E1AD00DCDAC4 /* DepartureNSWUITestsLaunchTests.swift in Sources */ = {isa = PBXBuildFile; fileRef = 45A7B7902C13E1AD00DCDAC4 /* DepartureNSWUITestsLaunchTests.swift */; };
/* End PBXBuildFile section */

/* Begin PBXContainerItemProxy section */
		45A7B7812C13E1AD00DCDAC4 /* PBXContainerItemProxy */ = {
			isa = PBXContainerItemProxy;
			containerPortal = 45A7B7672C13E1AC00DCDAC4 /* Project object */;
			proxyType = 1;
			remoteGlobalIDString = 45A7B76E2C13E1AC00DCDAC4;
			remoteInfo = DepartureNSW;
		};
		45A7B78B2C13E1AD00DCDAC4 /* PBXContainerItemProxy */ = {
			isa = PBXContainerItemProxy;
			containerPortal = 45A7B7672C13E1AC00DCDAC4 /* Project object */;
			proxyType = 1;
			remoteGlobalIDString = 45A7B76E2C13E1AC00DCDAC4;
			remoteInfo = DepartureNSW;
		};
/* End PBXContainerItemProxy section */

/* Begin PBXFileReference section */
		45A7B76F2C13E1AC00DCDAC4 /* DepartureNSW.app */ = {isa = PBXFileReference; explicitFileType = wrapper.application; includeInIndex = 0; path = DepartureNSW.app; sourceTree = BUILT_PRODUCTS_DIR; };
		45A7B7722C13E1AC00DCDAC4 /* DepartureNSWApp.swift */ = {isa = PBXFileReference; lastKnownFileType = sourcecode.swift; path = DepartureNSWApp.swift; sourceTree = "<group>"; };
		45A7B7742C13E1AC00DCDAC4 /* ContentView.swift */ = {isa = PBXFileReference; lastKnownFileType = sourcecode.swift; path = ContentView.swift; sourceTree = "<group>"; };
		45A7B7762C13E1AD00DCDAC4 /* Assets.xcassets */ = {isa = PBXFileReference; lastKnownFileType = folder.assetcatalog; path = Assets.xcassets; sourceTree = "<group>"; };
		45A7B7782C13E1AD00DCDAC4 /* DepartureNSW.entitlements */ = {isa = PBXFileReference; lastKnownFileType = text.plist.entitlements; path = DepartureNSW.entitlements; sourceTree = "<group>"; };
		45A7B77A2C13E1AD00DCDAC4 /* Preview Assets.xcassets */ = {isa = PBXFileReference; lastKnownFileType = folder.assetcatalog; path = "Preview Assets.xcassets"; sourceTree = "<group>"; };
		45A7B7802C13E1AD00DCDAC4 /* DepartureNSWTests.xctest */ = {isa = PBXFileReference; explicitFileType = wrapper.cfbundle; includeInIndex = 0; path = DepartureNSWTests.xctest; sourceTree = BUILT_PRODUCTS_DIR; };
		45A7B7842C13E1AD00DCDAC4 /* DepartureNSWTests.swift */ = {isa = PBXFileReference; lastKnownFileType = sourcecode.swift; path = DepartureNSWTests.swift; sourceTree = "<group>"; };
		45A7B78A2C13E1AD00DCDAC4 /* DepartureNSWUITests.xctest */ = {isa = PBXFileReference; explicitFileType = wrapper.cfbundle; includeInIndex = 0; path = DepartureNSWUITests.xctest; sourceTree = BUILT_PRODUCTS_DIR; };
		45A7B78E2C13E1AD00DCDAC4 /* DepartureNSWUITests.swift */ = {isa = PBXFileReference; lastKnownFileType = sourcecode.swift; path = DepartureNSWUITests.swift; sourceTree = "<group>"; };
		45A7B7902C13E1AD00DCDAC4 /* DepartureNSWUITestsLaunchTests.swift */ = {isa = PBXFileReference; lastKnownFileType = sourcecode.swift; path = DepartureNSWUITestsLaunchTests.swift; sourceTree = "<group>"; };
/* End PBXFileReference section */

/* Begin PBXFrameworksBuildPhase section */
		45A7B76C2C13E1AC00DCDAC4 /* Frameworks */ = {
			isa = PBXFrameworksBuildPhase;
			buildActionMask = 2147483647;
			files = (
			);
			runOnlyForDeploymentPostprocessing = 0;
		};
		45A7B77D2C13E1AD00DCDAC4 /* Frameworks */ = {
			isa = PBXFrameworksBuildPhase;
			buildActionMask = 2147483647;
			files = (
			);
			runOnlyForDeploymentPostprocessing = 0;
		};
		45A7B7872C13E1AD00DCDAC4 /* Frameworks */ = {
			isa = PBXFrameworksBuildPhase;
			buildActionMask = 2147483647;
			files = (
			);
			runOnlyForDeploymentPostprocessing = 0;
		};
/* End PBXFrameworksBuildPhase section */

/* Begin PBXGroup section */
		45A7B7662C13E1AC00DCDAC4 = {
			isa = PBXGroup;
			children = (
				45A7B7712C13E1AC00DCDAC4 /* DepartureNSW */,
				45A7B7832C13E1AD00DCDAC4 /* DepartureNSWTests */,
				45A7B78D2C13E1AD00DCDAC4 /* DepartureNSWUITests */,
				45A7B7702C13E1AC00DCDAC4 /* Products */,
			);
			sourceTree = "<group>";
		};
		45A7B7702C13E1AC00DCDAC4 /* Products */ = {
			isa = PBXGroup;
			children = (
				45A7B76F2C13E1AC00DCDAC4 /* DepartureNSW.app */,
				45A7B7802C13E1AD00DCDAC4 /* DepartureNSWTests.xctest */,
				45A7B78A2C13E1AD00DCDAC4 /* DepartureNSWUITests.xctest */,
			);
			name = Products;
			sourceTree = "<group>";
		};
		45A7B7712C13E1AC00DCDAC4 /* DepartureNSW */ = {
			isa = PBXGroup;
			children = (
				45A7B7722C13E1AC00DCDAC4 /* DepartureNSWApp.swift */,
				45A7B7742C13E1AC00DCDAC4 /* ContentView.swift */,
				45A7B7762C13E1AD00DCDAC4 /* Assets.xcassets */,
				45A7B7782C13E1AD00DCDAC4 /* DepartureNSW.entitlements */,
				45A7B7792C13E1AD00DCDAC4 /* Preview Content */,
			);
			path = DepartureNSW;
			sourceTree = "<group>";
		};
		45A7B7792C13E1AD00DCDAC4 /* Preview Content */ = {
			isa = PBXGroup;
			children = (
				45A7B77A2C13E1AD00DCDAC4 /* Preview Assets.xcassets */,
			);
			path = "Preview Content";
			sourceTree = "<group>";
		};
		45A7B7832C13E1AD00DCDAC4 /* DepartureNSWTests */ = {
			isa = PBXGroup;
			children = (
				45A7B7842C13E1AD00DCDAC4 /* DepartureNSWTests.swift */,
			);
			path = DepartureNSWTests;
			sourceTree = "<group>";
		};
		45A7B78D2C13E1AD00DCDAC4 /* DepartureNSWUITests */ = {
			isa = PBXGroup;
			children = (
				45A7B78E2C13E1AD00DCDAC4 /* DepartureNSWUITests.swift */,
				45A7B7902C13E1AD00DCDAC4 /* DepartureNSWUITestsLaunchTests.swift */,
			);
			path = DepartureNSWUITests;
			sourceTree = "<group>";
		};
/* End PBXGroup section */

/* Begin PBXNativeTarget section */
		45A7B76E2C13E1AC00DCDAC4 /* DepartureNSW */ = {
			isa = PBXNativeTarget;
			buildConfigurationList = 45A7B7942C13E1AD00DCDAC4 /* Build configuration list for PBXNativeTarget "DepartureNSW" */;
			buildPhases = (
				45A7B76B2C13E1AC00DCDAC4 /* Sources */,
				45A7B76C2C13E1AC00DCDAC4 /* Frameworks */,
				45A7B76D2C13E1AC00DCDAC4 /* Resources */,
			);
			buildRules = (
			);
			dependencies = (
			);
			name = DepartureNSW;
			productName = DepartureNSW;
			productReference = 45A7B76F2C13E1AC00DCDAC4 /* DepartureNSW.app */;
			productType = "com.apple.product-type.application";
		};
		45A7B77F2C13E1AD00DCDAC4 /* DepartureNSWTests */ = {
			isa = PBXNativeTarget;
			buildConfigurationList = 45A7B7972C13E1AD00DCDAC4 /* Build configuration list for PBXNativeTarget "DepartureNSWTests" */;
			buildPhases = (
				45A7B77C2C13E1AD00DCDAC4 /* Sources */,
				45A7B77D2C13E1AD00DCDAC4 /* Frameworks */,
				45A7B77E2C13E1AD00DCDAC4 /* Resources */,
			);
			buildRules = (
			);
			dependencies = (
				45A7B7822C13E1AD00DCDAC4 /* PBXTargetDependency */,
			);
			name = DepartureNSWTests;
			productName = DepartureNSWTests;
			productReference = 45A7B7802C13E1AD00DCDAC4 /* DepartureNSWTests.xctest */;
			productType = "com.apple.product-type.bundle.unit-test";
		};
		45A7B7892C13E1AD00DCDAC4 /* DepartureNSWUITests */ = {
			isa = PBXNativeTarget;
			buildConfigurationList = 45A7B79A2C13E1AD00DCDAC4 /* Build configuration list for PBXNativeTarget "DepartureNSWUITests" */;
			buildPhases = (
				45A7B7862C13E1AD00DCDAC4 /* Sources */,
				45A7B7872C13E1AD00DCDAC4 /* Frameworks */,
				45A7B7882C13E1AD00DCDAC4 /* Resources */,
			);
			buildRules = (
			);
			dependencies = (
				45A7B78C2C13E1AD00DCDAC4 /* PBXTargetDependency */,
			);
			name = DepartureNSWUITests;
			productName = DepartureNSWUITests;
			productReference = 45A7B78A2C13E1AD00DCDAC4 /* DepartureNSWUITests.xctest */;
			productType = "com.apple.product-type.bundle.ui-testing";
		};
/* End PBXNativeTarget section */

/* Begin PBXProject section */
		45A7B7672C13E1AC00DCDAC4 /* Project object */ = {
			isa = PBXProject;
			attributes = {
				BuildIndependentTargetsInParallel = 1;
				LastSwiftUpdateCheck = 1540;
				LastUpgradeCheck = 1540;
				TargetAttributes = {
					45A7B76E2C13E1AC00DCDAC4 = {
						CreatedOnToolsVersion = 15.4;
					};
					45A7B77F2C13E1AD00DCDAC4 = {
						CreatedOnToolsVersion = 15.4;
						TestTargetID = 45A7B76E2C13E1AC00DCDAC4;
					};
					45A7B7892C13E1AD00DCDAC4 = {
						CreatedOnToolsVersion = 15.4;
						TestTargetID = 45A7B76E2C13E1AC00DCDAC4;
					};
				};
			};
			buildConfigurationList = 45A7B76A2C13E1AC00DCDAC4 /* Build configuration list for PBXProject "DepartureNSW" */;
			compatibilityVersion = "Xcode 14.0";
			developmentRegion = en;
			hasScannedForEncodings = 0;
			knownRegions = (
				en,
				Base,
			);
			mainGroup = 45A7B7662C13E1AC00DCDAC4;
			productRefGroup = 45A7B7702C13E1AC00DCDAC4 /* Products */;
			projectDirPath = "";
			projectRoot = "";
			targets = (
				45A7B76E2C13E1AC00DCDAC4 /* DepartureNSW */,
				45A7B77F2C13E1AD00DCDAC4 /* DepartureNSWTests */,
				45A7B7892C13E1AD00DCDAC4 /* DepartureNSWUITests */,
			);
		};
/* End PBXProject section */

/* Begin PBXResourcesBuildPhase section */
		45A7B76D2C13E1AC00DCDAC4 /* Resources */ = {
			isa = PBXResourcesBuildPhase;
			buildActionMask = 2147483647;
			files = (
				45A7B77B2C13E1AD00DCDAC4 /* Preview Assets.xcassets in Resources */,
				45A7B7772C13E1AD00DCDAC4 /* Assets.xcassets in Resources */,
			);
			runOnlyForDeploymentPostprocessing = 0;
		};
		45A7B77E2C13E1AD00DCDAC4 /* Resources */ = {
			isa = PBXResourcesBuildPhase;
			buildActionMask = 2147483647;
			files = (
			);
			runOnlyForDeploymentPostprocessing = 0;
		};
		45A7B7882C13E1AD00DCDAC4 /* Resources */ = {
			isa = PBXResourcesBuildPhase;
			buildActionMask = 2147483647;
			files = (
			);
			runOnlyForDeploymentPostprocessing = 0;
		};
/* End PBXResourcesBuildPhase section */

/* Begin PBXSourcesBuildPhase section */
		45A7B76B2C13E1AC00DCDAC4 /* Sources */ = {
			isa = PBXSourcesBuildPhase;
			buildActionMask = 2147483647;
			files = (
				45A7B7752C13E1AC00DCDAC4 /* ContentView.swift in Sources */,
				45A7B7732C13E1AC00DCDAC4 /* DepartureNSWApp.swift in Sources */,
			);
			runOnlyForDeploymentPostprocessing = 0;
		};
		45A7B77C2C13E1AD00DCDAC4 /* Sources */ = {
			isa = PBXSourcesBuildPhase;
			buildActionMask = 2147483647;
			files = (
				45A7B7852C13E1AD00DCDAC4 /* DepartureNSWTests.swift in Sources */,
			);
			runOnlyForDeploymentPostprocessing = 0;
		};
		45A7B7862C13E1AD00DCDAC4 /* Sources */ = {
			isa = PBXSourcesBuildPhase;
			buildActionMask = 2147483647;
			files = (
				45A7B7912C13E1AD00DCDAC4 /* DepartureNSWUITestsLaunchTests.swift in Sources */,
				45A7B78F2C13E1AD00DCDAC4 /* DepartureNSWUITests.swift in Sources */,
			);
			runOnlyForDeploymentPostprocessing = 0;
		};
/* End PBXSourcesBuildPhase section */

/* Begin PBXTargetDependency section */
		45A7B7822C13E1AD00DCDAC4 /* PBXTargetDependency */ = {
			isa = PBXTargetDependency;
			target = 45A7B76E2C13E1AC00DCDAC4 /* DepartureNSW */;
			targetProxy = 45A7B7812C13E1AD00DCDAC4 /* PBXContainerItemProxy */;
		};
		45A7B78C2C13E1AD00DCDAC4 /* PBXTargetDependency */ = {
			isa = PBXTargetDependency;
			target = 45A7B76E2C13E1AC00DCDAC4 /* DepartureNSW */;
			targetProxy = 45A7B78B2C13E1AD00DCDAC4 /* PBXContainerItemProxy */;
		};
/* End PBXTargetDependency section */

/* Begin XCBuildConfiguration section */
		45A7B7922C13E1AD00DCDAC4 /* Debug */ = {
			isa = XCBuildConfiguration;
			buildSettings = {
				ALWAYS_SEARCH_USER_PATHS = NO;
				ASSETCATALOG_COMPILER_GENERATE_SWIFT_ASSET_SYMBOL_EXTENSIONS = YES;
				CLANG_ANALYZER_NONNULL = YES;
				CLANG_ANALYZER_NUMBER_OBJECT_CONVERSION = YES_AGGRESSIVE;
				CLANG_CXX_LANGUAGE_STANDARD = "gnu++20";
				CLANG_ENABLE_MODULES = YES;
				CLANG_ENABLE_OBJC_ARC = YES;
				CLANG_ENABLE_OBJC_WEAK = YES;
				CLANG_WARN_BLOCK_CAPTURE_AUTORELEASING = YES;
				CLANG_WARN_BOOL_CONVERSION = YES;
				CLANG_WARN_COMMA = YES;
				CLANG_WARN_CONSTANT_CONVERSION = YES;
				CLANG_WARN_DEPRECATED_OBJC_IMPLEMENTATIONS = YES;
				CLANG_WARN_DIRECT_OBJC_ISA_USAGE = YES_ERROR;
				CLANG_WARN_DOCUMENTATION_COMMENTS = YES;
				CLANG_WARN_EMPTY_BODY = YES;
				CLANG_WARN_ENUM_CONVERSION = YES;
				CLANG_WARN_INFINITE_RECURSION = YES;
				CLANG_WARN_INT_CONVERSION = YES;
				CLANG_WARN_NON_LITERAL_NULL_CONVERSION = YES;
				CLANG_WARN_OBJC_IMPLICIT_RETAIN_SELF = YES;
				CLANG_WARN_OBJC_LITERAL_CONVERSION = YES;
				CLANG_WARN_OBJC_ROOT_CLASS = YES_ERROR;
				CLANG_WARN_QUOTED_INCLUDE_IN_FRAMEWORK_HEADER = YES;
				CLANG_WARN_RANGE_LOOP_ANALYSIS = YES;
				CLANG_WARN_STRICT_PROTOTYPES = YES;
				CLANG_WARN_SUSPICIOUS_MOVE = YES;
				CLANG_WARN_UNGUARDED_AVAILABILITY = YES_AGGRESSIVE;
				CLANG_WARN_UNREACHABLE_CODE = YES;
				CLANG_WARN__DUPLICATE_METHOD_MATCH = YES;
				COPY_PHASE_STRIP = NO;
				DEBUG_INFORMATION_FORMAT = dwarf;
				ENABLE_STRICT_OBJC_MSGSEND = YES;
				ENABLE_TESTABILITY = YES;
				ENABLE_USER_SCRIPT_SANDBOXING = YES;
				GCC_C_LANGUAGE_STANDARD = gnu17;
				GCC_DYNAMIC_NO_PIC = NO;
				GCC_NO_COMMON_BLOCKS = YES;
				GCC_OPTIMIZATION_LEVEL = 0;
				GCC_PREPROCESSOR_DEFINITIONS = (
					"DEBUG=1",
					"$(inherited)",
				);
				GCC_WARN_64_TO_32_BIT_CONVERSION = YES;
				GCC_WARN_ABOUT_RETURN_TYPE = YES_ERROR;
				GCC_WARN_UNDECLARED_SELECTOR = YES;
				GCC_WARN_UNINITIALIZED_AUTOS = YES_AGGRESSIVE;
				GCC_WARN_UNUSED_FUNCTION = YES;
				GCC_WARN_UNUSED_VARIABLE = YES;
				LOCALIZATION_PREFERS_STRING_CATALOGS = YES;
				MTL_ENABLE_DEBUG_INFO = INCLUDE_SOURCE;
				MTL_FAST_MATH = YES;
				ONLY_ACTIVE_ARCH = YES;
				SWIFT_ACTIVE_COMPILATION_CONDITIONS = "DEBUG $(inherited)";
				SWIFT_OPTIMIZATION_LEVEL = "-Onone";
			};
			name = Debug;
		};
		45A7B7932C13E1AD00DCDAC4 /* Release */ = {
			isa = XCBuildConfiguration;
			buildSettings = {
				ALWAYS_SEARCH_USER_PATHS = NO;
				ASSETCATALOG_COMPILER_GENERATE_SWIFT_ASSET_SYMBOL_EXTENSIONS = YES;
				CLANG_ANALYZER_NONNULL = YES;
				CLANG_ANALYZER_NUMBER_OBJECT_CONVERSION = YES_AGGRESSIVE;
				CLANG_CXX_LANGUAGE_STANDARD = "gnu++20";
				CLANG_ENABLE_MODULES = YES;
				CLANG_ENABLE_OBJC_ARC = YES;
				CLANG_ENABLE_OBJC_WEAK = YES;
				CLANG_WARN_BLOCK_CAPTURE_AUTORELEASING = YES;
				CLANG_WARN_BOOL_CONVERSION = YES;
				CLANG_WARN_COMMA = YES;
				CLANG_WARN_CONSTANT_CONVERSION = YES;
				CLANG_WARN_DEPRECATED_OBJC_IMPLEMENTATIONS = YES;
				CLANG_WARN_DIRECT_OBJC_ISA_USAGE = YES_ERROR;
				CLANG_WARN_DOCUMENTATION_COMMENTS = YES;
				CLANG_WARN_EMPTY_BODY = YES;
				CLANG_WARN_ENUM_CONVERSION = YES;
				CLANG_WARN_INFINITE_RECURSION = YES;
				CLANG_WARN_INT_CONVERSION = YES;
				CLANG_WARN_NON_LITERAL_NULL_CONVERSION = YES;
				CLANG_WARN_OBJC_IMPLICIT_RETAIN_SELF = YES;
				CLANG_WARN_OBJC_LITERAL_CONVERSION = YES;
				CLANG_WARN_OBJC_ROOT_CLASS = YES_ERROR;
				CLANG_WARN_QUOTED_INCLUDE_IN_FRAMEWORK_HEADER = YES;
				CLANG_WARN_RANGE_LOOP_ANALYSIS = YES;
				CLANG_WARN_STRICT_PROTOTYPES = YES;
				CLANG_WARN_SUSPICIOUS_MOVE = YES;
				CLANG_WARN_UNGUARDED_AVAILABILITY = YES_AGGRESSIVE;
				CLANG_WARN_UNREACHABLE_CODE = YES;
				CLANG_WARN__DUPLICATE_METHOD_MATCH = YES;
				COPY_PHASE_STRIP = NO;
				DEBUG_INFORMATION_FORMAT = "dwarf-with-dsym";
				ENABLE_NS_ASSERTIONS = NO;
				ENABLE_STRICT_OBJC_MSGSEND = YES;
				ENABLE_USER_SCRIPT_SANDBOXING = YES;
				GCC_C_LANGUAGE_STANDARD = gnu17;
				GCC_NO_COMMON_BLOCKS = YES;
				GCC_WARN_64_TO_32_BIT_CONVERSION = YES;
				GCC_WARN_ABOUT_RETURN_TYPE = YES_ERROR;
				GCC_WARN_UNDECLARED_SELECTOR = YES;
				GCC_WARN_UNINITIALIZED_AUTOS = YES_AGGRESSIVE;
				GCC_WARN_UNUSED_FUNCTION = YES;
				GCC_WARN_UNUSED_VARIABLE = YES;
				LOCALIZATION_PREFERS_STRING_CATALOGS = YES;
				MTL_ENABLE_DEBUG_INFO = NO;
				MTL_FAST_MATH = YES;
				SWIFT_COMPILATION_MODE = wholemodule;
			};
			name = Release;
		};
		45A7B7952C13E1AD00DCDAC4 /* Debug */ = {
			isa = XCBuildConfiguration;
			buildSettings = {
				ASSETCATALOG_COMPILER_APPICON_NAME = AppIcon;
				ASSETCATALOG_COMPILER_GLOBAL_ACCENT_COLOR_NAME = AccentColor;
				CODE_SIGN_ENTITLEMENTS = DepartureNSW/DepartureNSW.entitlements;
				CODE_SIGN_STYLE = Automatic;
				CURRENT_PROJECT_VERSION = 1;
				DEVELOPMENT_ASSET_PATHS = "\"DepartureNSW/Preview Content\"";
				DEVELOPMENT_TEAM = 58QL7E6Z98;
				ENABLE_HARDENED_RUNTIME = YES;
				ENABLE_PREVIEWS = YES;
				GENERATE_INFOPLIST_FILE = YES;
				"INFOPLIST_KEY_UIApplicationSceneManifest_Generation[sdk=iphoneos*]" = YES;
				"INFOPLIST_KEY_UIApplicationSceneManifest_Generation[sdk=iphonesimulator*]" = YES;
				"INFOPLIST_KEY_UIApplicationSupportsIndirectInputEvents[sdk=iphoneos*]" = YES;
				"INFOPLIST_KEY_UIApplicationSupportsIndirectInputEvents[sdk=iphonesimulator*]" = YES;
				"INFOPLIST_KEY_UILaunchScreen_Generation[sdk=iphoneos*]" = YES;
				"INFOPLIST_KEY_UILaunchScreen_Generation[sdk=iphonesimulator*]" = YES;
				"INFOPLIST_KEY_UIStatusBarStyle[sdk=iphoneos*]" = UIStatusBarStyleDefault;
				"INFOPLIST_KEY_UIStatusBarStyle[sdk=iphonesimulator*]" = UIStatusBarStyleDefault;
				INFOPLIST_KEY_UISupportedInterfaceOrientations_iPad = "UIInterfaceOrientationPortrait UIInterfaceOrientationPortraitUpsideDown UIInterfaceOrientationLandscapeLeft UIInterfaceOrientationLandscapeRight";
				INFOPLIST_KEY_UISupportedInterfaceOrientations_iPhone = "UIInterfaceOrientationPortrait UIInterfaceOrientationLandscapeLeft UIInterfaceOrientationLandscapeRight";
				IPHONEOS_DEPLOYMENT_TARGET = 17.5;
				LD_RUNPATH_SEARCH_PATHS = "@executable_path/Frameworks";
				"LD_RUNPATH_SEARCH_PATHS[sdk=macosx*]" = "@executable_path/../Frameworks";
				MACOSX_DEPLOYMENT_TARGET = 14.5;
				MARKETING_VERSION = 1.0;
				PRODUCT_BUNDLE_IDENTIFIER = itemic.DepartureNSW;
				PRODUCT_NAME = "$(TARGET_NAME)";
				SDKROOT = auto;
				SUPPORTED_PLATFORMS = "iphoneos iphonesimulator macosx";
				SWIFT_EMIT_LOC_STRINGS = YES;
				SWIFT_VERSION = 5.0;
				TARGETED_DEVICE_FAMILY = "1,2";
			};
			name = Debug;
		};
		45A7B7962C13E1AD00DCDAC4 /* Release */ = {
			isa = XCBuildConfiguration;
			buildSettings = {
				ASSETCATALOG_COMPILER_APPICON_NAME = AppIcon;
				ASSETCATALOG_COMPILER_GLOBAL_ACCENT_COLOR_NAME = AccentColor;
				CODE_SIGN_ENTITLEMENTS = DepartureNSW/DepartureNSW.entitlements;
				CODE_SIGN_STYLE = Automatic;
				CURRENT_PROJECT_VERSION = 1;
				DEVELOPMENT_ASSET_PATHS = "\"DepartureNSW/Preview Content\"";
				DEVELOPMENT_TEAM = 58QL7E6Z98;
				ENABLE_HARDENED_RUNTIME = YES;
				ENABLE_PREVIEWS = YES;
				GENERATE_INFOPLIST_FILE = YES;
				"INFOPLIST_KEY_UIApplicationSceneManifest_Generation[sdk=iphoneos*]" = YES;
				"INFOPLIST_KEY_UIApplicationSceneManifest_Generation[sdk=iphonesimulator*]" = YES;
				"INFOPLIST_KEY_UIApplicationSupportsIndirectInputEvents[sdk=iphoneos*]" = YES;
				"INFOPLIST_KEY_UIApplicationSupportsIndirectInputEvents[sdk=iphonesimulator*]" = YES;
				"INFOPLIST_KEY_UILaunchScreen_Generation[sdk=iphoneos*]" = YES;
				"INFOPLIST_KEY_UILaunchScreen_Generation[sdk=iphonesimulator*]" = YES;
				"INFOPLIST_KEY_UIStatusBarStyle[sdk=iphoneos*]" = UIStatusBarStyleDefault;
				"INFOPLIST_KEY_UIStatusBarStyle[sdk=iphonesimulator*]" = UIStatusBarStyleDefault;
				INFOPLIST_KEY_UISupportedInterfaceOrientations_iPad = "UIInterfaceOrientationPortrait UIInterfaceOrientationPortraitUpsideDown UIInterfaceOrientationLandscapeLeft UIInterfaceOrientationLandscapeRight";
				INFOPLIST_KEY_UISupportedInterfaceOrientations_iPhone = "UIInterfaceOrientationPortrait UIInterfaceOrientationLandscapeLeft UIInterfaceOrientationLandscapeRight";
				IPHONEOS_DEPLOYMENT_TARGET = 17.5;
				LD_RUNPATH_SEARCH_PATHS = "@executable_path/Frameworks";
				"LD_RUNPATH_SEARCH_PATHS[sdk=macosx*]" = "@executable_path/../Frameworks";
				MACOSX_DEPLOYMENT_TARGET = 14.5;
				MARKETING_VERSION = 1.0;
				PRODUCT_BUNDLE_IDENTIFIER = itemic.DepartureNSW;
				PRODUCT_NAME = "$(TARGET_NAME)";
				SDKROOT = auto;
				SUPPORTED_PLATFORMS = "iphoneos iphonesimulator macosx";
				SWIFT_EMIT_LOC_STRINGS = YES;
				SWIFT_VERSION = 5.0;
				TARGETED_DEVICE_FAMILY = "1,2";
			};
			name = Release;
		};
		45A7B7982C13E1AD00DCDAC4 /* Debug */ = {
			isa = XCBuildConfiguration;
			buildSettings = {
				ALWAYS_EMBED_SWIFT_STANDARD_LIBRARIES = YES;
				BUNDLE_LOADER = "$(TEST_HOST)";
				CODE_SIGN_STYLE = Automatic;
				CURRENT_PROJECT_VERSION = 1;
				DEVELOPMENT_TEAM = 58QL7E6Z98;
				GENERATE_INFOPLIST_FILE = YES;
				IPHONEOS_DEPLOYMENT_TARGET = 17.5;
				MACOSX_DEPLOYMENT_TARGET = 14.5;
				MARKETING_VERSION = 1.0;
				PRODUCT_BUNDLE_IDENTIFIER = itemic.DepartureNSWTests;
				PRODUCT_NAME = "$(TARGET_NAME)";
				SDKROOT = auto;
				SUPPORTED_PLATFORMS = "iphoneos iphonesimulator macosx";
				SWIFT_EMIT_LOC_STRINGS = NO;
				SWIFT_VERSION = 5.0;
				TARGETED_DEVICE_FAMILY = "1,2";
				TEST_HOST = "$(BUILT_PRODUCTS_DIR)/DepartureNSW.app/$(BUNDLE_EXECUTABLE_FOLDER_PATH)/DepartureNSW";
			};
			name = Debug;
		};
		45A7B7992C13E1AD00DCDAC4 /* Release */ = {
			isa = XCBuildConfiguration;
			buildSettings = {
				ALWAYS_EMBED_SWIFT_STANDARD_LIBRARIES = YES;
				BUNDLE_LOADER = "$(TEST_HOST)";
				CODE_SIGN_STYLE = Automatic;
				CURRENT_PROJECT_VERSION = 1;
				DEVELOPMENT_TEAM = 58QL7E6Z98;
				GENERATE_INFOPLIST_FILE = YES;
				IPHONEOS_DEPLOYMENT_TARGET = 17.5;
				MACOSX_DEPLOYMENT_TARGET = 14.5;
				MARKETING_VERSION = 1.0;
				PRODUCT_BUNDLE_IDENTIFIER = itemic.DepartureNSWTests;
				PRODUCT_NAME = "$(TARGET_NAME)";
				SDKROOT = auto;
				SUPPORTED_PLATFORMS = "iphoneos iphonesimulator macosx";
				SWIFT_EMIT_LOC_STRINGS = NO;
				SWIFT_VERSION = 5.0;
				TARGETED_DEVICE_FAMILY = "1,2";
				TEST_HOST = "$(BUILT_PRODUCTS_DIR)/DepartureNSW.app/$(BUNDLE_EXECUTABLE_FOLDER_PATH)/DepartureNSW";
			};
			name = Release;
		};
		45A7B79B2C13E1AD00DCDAC4 /* Debug */ = {
			isa = XCBuildConfiguration;
			buildSettings = {
				ALWAYS_EMBED_SWIFT_STANDARD_LIBRARIES = YES;
				CODE_SIGN_STYLE = Automatic;
				CURRENT_PROJECT_VERSION = 1;
				DEVELOPMENT_TEAM = 58QL7E6Z98;
				GENERATE_INFOPLIST_FILE = YES;
				IPHONEOS_DEPLOYMENT_TARGET = 17.5;
				MACOSX_DEPLOYMENT_TARGET = 14.5;
				MARKETING_VERSION = 1.0;
				PRODUCT_BUNDLE_IDENTIFIER = itemic.DepartureNSWUITests;
				PRODUCT_NAME = "$(TARGET_NAME)";
				SDKROOT = auto;
				SUPPORTED_PLATFORMS = "iphoneos iphonesimulator macosx";
				SWIFT_EMIT_LOC_STRINGS = NO;
				SWIFT_VERSION = 5.0;
				TARGETED_DEVICE_FAMILY = "1,2";
				TEST_TARGET_NAME = DepartureNSW;
			};
			name = Debug;
		};
		45A7B79C2C13E1AD00DCDAC4 /* Release */ = {
			isa = XCBuildConfiguration;
			buildSettings = {
				ALWAYS_EMBED_SWIFT_STANDARD_LIBRARIES = YES;
				CODE_SIGN_STYLE = Automatic;
				CURRENT_PROJECT_VERSION = 1;
				DEVELOPMENT_TEAM = 58QL7E6Z98;
				GENERATE_INFOPLIST_FILE = YES;
				IPHONEOS_DEPLOYMENT_TARGET = 17.5;
				MACOSX_DEPLOYMENT_TARGET = 14.5;
				MARKETING_VERSION = 1.0;
				PRODUCT_BUNDLE_IDENTIFIER = itemic.DepartureNSWUITests;
				PRODUCT_NAME = "$(TARGET_NAME)";
				SDKROOT = auto;
				SUPPORTED_PLATFORMS = "iphoneos iphonesimulator macosx";
				SWIFT_EMIT_LOC_STRINGS = NO;
				SWIFT_VERSION = 5.0;
				TARGETED_DEVICE_FAMILY = "1,2";
				TEST_TARGET_NAME = DepartureNSW;
			};
			name = Release;
		};
/* End XCBuildConfiguration section */

/* Begin XCConfigurationList section */
		45A7B76A2C13E1AC00DCDAC4 /* Build configuration list for PBXProject "DepartureNSW" */ = {
			isa = XCConfigurationList;
			buildConfigurations = (
				45A7B7922C13E1AD00DCDAC4 /* Debug */,
				45A7B7932C13E1AD00DCDAC4 /* Release */,
			);
			defaultConfigurationIsVisible = 0;
			defaultConfigurationName = Release;
		};
		45A7B7942C13E1AD00DCDAC4 /* Build configuration list for PBXNativeTarget "DepartureNSW" */ = {
			isa = XCConfigurationList;
			buildConfigurations = (
				45A7B7952C13E1AD00DCDAC4 /* Debug */,
				45A7B7962C13E1AD00DCDAC4 /* Release */,
			);
			defaultConfigurationIsVisible = 0;
			defaultConfigurationName = Release;
		};
		45A7B7972C13E1AD00DCDAC4 /* Build configuration list for PBXNativeTarget "DepartureNSWTests" */ = {
			isa = XCConfigurationList;
			buildConfigurations = (
				45A7B7982C13E1AD00DCDAC4 /* Debug */,
				45A7B7992C13E1AD00DCDAC4 /* Release */,
			);
			defaultConfigurationIsVisible = 0;
			defaultConfigurationName = Release;
		};
		45A7B79A2C13E1AD00DCDAC4 /* Build configuration list for PBXNativeTarget "DepartureNSWUITests" */ = {
			isa = XCConfigurationList;
			buildConfigurations = (
				45A7B79B2C13E1AD00DCDAC4 /* Debug */,
				45A7B79C2C13E1AD00DCDAC4 /* Release */,
			);
			defaultConfigurationIsVisible = 0;
			defaultConfigurationName = Release;
		};
/* End XCConfigurationList section */
	};
	rootObject = 45A7B7672C13E1AC00DCDAC4 /* Project object */;
}
